// !$*UTF8*$!
{
	archiveVersion = 1;
	classes = {
	};
	objectVersion = 50;
	objects = {

/* Begin PBXBuildFile section */
		37DB649D24B0E62F0018FD49 /* AppDelegate.swift in Sources */ = {isa = PBXBuildFile; fileRef = 37DB649C24B0E62F0018FD49 /* AppDelegate.swift */; };
		37DB649F24B0E62F0018FD49 /* SceneDelegate.swift in Sources */ = {isa = PBXBuildFile; fileRef = 37DB649E24B0E62F0018FD49 /* SceneDelegate.swift */; };
		37DB64A124B0E62F0018FD49 /* ViewController.swift in Sources */ = {isa = PBXBuildFile; fileRef = 37DB64A024B0E62F0018FD49 /* ViewController.swift */; };
		37DB64A424B0E62F0018FD49 /* Main.storyboard in Resources */ = {isa = PBXBuildFile; fileRef = 37DB64A224B0E62F0018FD49 /* Main.storyboard */; };
		37DB64A724B0E62F0018FD49 /* GetQiitaAPI2.xcdatamodeld in Sources */ = {isa = PBXBuildFile; fileRef = 37DB64A524B0E62F0018FD49 /* GetQiitaAPI2.xcdatamodeld */; };
		37DB64A924B0E6310018FD49 /* Assets.xcassets in Resources */ = {isa = PBXBuildFile; fileRef = 37DB64A824B0E6310018FD49 /* Assets.xcassets */; };
		37DB64AC24B0E6310018FD49 /* LaunchScreen.storyboard in Resources */ = {isa = PBXBuildFile; fileRef = 37DB64AA24B0E6310018FD49 /* LaunchScreen.storyboard */; };
		37DB64B724B0E6310018FD49 /* GetQiitaAPI2Tests.swift in Sources */ = {isa = PBXBuildFile; fileRef = 37DB64B624B0E6310018FD49 /* GetQiitaAPI2Tests.swift */; };
		37DB64C224B0E6310018FD49 /* GetQiitaAPI2UITests.swift in Sources */ = {isa = PBXBuildFile; fileRef = 37DB64C124B0E6310018FD49 /* GetQiitaAPI2UITests.swift */; };
		37DB64D324B0E7090018FD49 /* Alamofire.framework in Frameworks */ = {isa = PBXBuildFile; fileRef = 37DB64D124B0E7090018FD49 /* Alamofire.framework */; };
		37DB64D424B0E7090018FD49 /* Alamofire.framework in Embed Frameworks */ = {isa = PBXBuildFile; fileRef = 37DB64D124B0E7090018FD49 /* Alamofire.framework */; settings = {ATTRIBUTES = (CodeSignOnCopy, RemoveHeadersOnCopy, ); }; };
		37DB64D524B0E70A0018FD49 /* SwiftyJSON.framework in Frameworks */ = {isa = PBXBuildFile; fileRef = 37DB64D224B0E7090018FD49 /* SwiftyJSON.framework */; };
		37DB64D624B0E70A0018FD49 /* SwiftyJSON.framework in Embed Frameworks */ = {isa = PBXBuildFile; fileRef = 37DB64D224B0E7090018FD49 /* SwiftyJSON.framework */; settings = {ATTRIBUTES = (CodeSignOnCopy, RemoveHeadersOnCopy, ); }; };
/* End PBXBuildFile section */

/* Begin PBXContainerItemProxy section */
		37DB64B324B0E6310018FD49 /* PBXContainerItemProxy */ = {
			isa = PBXContainerItemProxy;
			containerPortal = 37DB649124B0E62F0018FD49 /* Project object */;
			proxyType = 1;
			remoteGlobalIDString = 37DB649824B0E62F0018FD49;
			remoteInfo = GetQiitaAPI2;
		};
		37DB64BE24B0E6310018FD49 /* PBXContainerItemProxy */ = {
			isa = PBXContainerItemProxy;
			containerPortal = 37DB649124B0E62F0018FD49 /* Project object */;
			proxyType = 1;
			remoteGlobalIDString = 37DB649824B0E62F0018FD49;
			remoteInfo = GetQiitaAPI2;
		};
/* End PBXContainerItemProxy section */

/* Begin PBXCopyFilesBuildPhase section */
		37DB64D724B0E70A0018FD49 /* Embed Frameworks */ = {
			isa = PBXCopyFilesBuildPhase;
			buildActionMask = 2147483647;
			dstPath = "";
			dstSubfolderSpec = 10;
			files = (
				37DB64D624B0E70A0018FD49 /* SwiftyJSON.framework in Embed Frameworks */,
				37DB64D424B0E7090018FD49 /* Alamofire.framework in Embed Frameworks */,
			);
			name = "Embed Frameworks";
			runOnlyForDeploymentPostprocessing = 0;
		};
/* End PBXCopyFilesBuildPhase section */

/* Begin PBXFileReference section */
		37DB649924B0E62F0018FD49 /* GetQiitaAPI2.app */ = {isa = PBXFileReference; explicitFileType = wrapper.application; includeInIndex = 0; path = GetQiitaAPI2.app; sourceTree = BUILT_PRODUCTS_DIR; };
		37DB649C24B0E62F0018FD49 /* AppDelegate.swift */ = {isa = PBXFileReference; lastKnownFileType = sourcecode.swift; path = AppDelegate.swift; sourceTree = "<group>"; };
		37DB649E24B0E62F0018FD49 /* SceneDelegate.swift */ = {isa = PBXFileReference; lastKnownFileType = sourcecode.swift; path = SceneDelegate.swift; sourceTree = "<group>"; };
		37DB64A024B0E62F0018FD49 /* ViewController.swift */ = {isa = PBXFileReference; lastKnownFileType = sourcecode.swift; path = ViewController.swift; sourceTree = "<group>"; };
		37DB64A324B0E62F0018FD49 /* Base */ = {isa = PBXFileReference; lastKnownFileType = file.storyboard; name = Base; path = Base.lproj/Main.storyboard; sourceTree = "<group>"; };
		37DB64A624B0E62F0018FD49 /* GetQiitaAPI2.xcdatamodel */ = {isa = PBXFileReference; lastKnownFileType = wrapper.xcdatamodel; path = GetQiitaAPI2.xcdatamodel; sourceTree = "<group>"; };
		37DB64A824B0E6310018FD49 /* Assets.xcassets */ = {isa = PBXFileReference; lastKnownFileType = folder.assetcatalog; path = Assets.xcassets; sourceTree = "<group>"; };
		37DB64AB24B0E6310018FD49 /* Base */ = {isa = PBXFileReference; lastKnownFileType = file.storyboard; name = Base; path = Base.lproj/LaunchScreen.storyboard; sourceTree = "<group>"; };
		37DB64AD24B0E6310018FD49 /* Info.plist */ = {isa = PBXFileReference; lastKnownFileType = text.plist.xml; path = Info.plist; sourceTree = "<group>"; };
		37DB64B224B0E6310018FD49 /* GetQiitaAPI2Tests.xctest */ = {isa = PBXFileReference; explicitFileType = wrapper.cfbundle; includeInIndex = 0; path = GetQiitaAPI2Tests.xctest; sourceTree = BUILT_PRODUCTS_DIR; };
		37DB64B624B0E6310018FD49 /* GetQiitaAPI2Tests.swift */ = {isa = PBXFileReference; lastKnownFileType = sourcecode.swift; path = GetQiitaAPI2Tests.swift; sourceTree = "<group>"; };
		37DB64B824B0E6310018FD49 /* Info.plist */ = {isa = PBXFileReference; lastKnownFileType = text.plist.xml; path = Info.plist; sourceTree = "<group>"; };
		37DB64BD24B0E6310018FD49 /* GetQiitaAPI2UITests.xctest */ = {isa = PBXFileReference; explicitFileType = wrapper.cfbundle; includeInIndex = 0; path = GetQiitaAPI2UITests.xctest; sourceTree = BUILT_PRODUCTS_DIR; };
		37DB64C124B0E6310018FD49 /* GetQiitaAPI2UITests.swift */ = {isa = PBXFileReference; lastKnownFileType = sourcecode.swift; path = GetQiitaAPI2UITests.swift; sourceTree = "<group>"; };
		37DB64C324B0E6310018FD49 /* Info.plist */ = {isa = PBXFileReference; lastKnownFileType = text.plist.xml; path = Info.plist; sourceTree = "<group>"; };
		37DB64D024B0E6FB0018FD49 /* Carthage */ = {isa = PBXFileReference; lastKnownFileType = folder; path = Carthage; sourceTree = "<group>"; };
		37DB64D124B0E7090018FD49 /* Alamofire.framework */ = {isa = PBXFileReference; lastKnownFileType = wrapper.framework; name = Alamofire.framework; path = Carthage/Build/iOS/Alamofire.framework; sourceTree = "<group>"; };
		37DB64D224B0E7090018FD49 /* SwiftyJSON.framework */ = {isa = PBXFileReference; lastKnownFileType = wrapper.framework; name = SwiftyJSON.framework; path = Carthage/Build/iOS/SwiftyJSON.framework; sourceTree = "<group>"; };
/* End PBXFileReference section */

/* Begin PBXFrameworksBuildPhase section */
		37DB649624B0E62F0018FD49 /* Frameworks */ = {
			isa = PBXFrameworksBuildPhase;
			buildActionMask = 2147483647;
			files = (
				37DB64D524B0E70A0018FD49 /* SwiftyJSON.framework in Frameworks */,
				37DB64D324B0E7090018FD49 /* Alamofire.framework in Frameworks */,
			);
			runOnlyForDeploymentPostprocessing = 0;
		};
		37DB64AF24B0E6310018FD49 /* Frameworks */ = {
			isa = PBXFrameworksBuildPhase;
			buildActionMask = 2147483647;
			files = (
			);
			runOnlyForDeploymentPostprocessing = 0;
		};
		37DB64BA24B0E6310018FD49 /* Frameworks */ = {
			isa = PBXFrameworksBuildPhase;
			buildActionMask = 2147483647;
			files = (
			);
			runOnlyForDeploymentPostprocessing = 0;
		};
/* End PBXFrameworksBuildPhase section */

/* Begin PBXGroup section */
		37DB649024B0E62F0018FD49 = {
			isa = PBXGroup;
			children = (
				37DB649B24B0E62F0018FD49 /* GetQiitaAPI2 */,
				37DB64B524B0E6310018FD49 /* GetQiitaAPI2Tests */,
				37DB64C024B0E6310018FD49 /* GetQiitaAPI2UITests */,
				37DB649A24B0E62F0018FD49 /* Products */,
				37DB64CF24B0E6FB0018FD49 /* Frameworks */,
			);
			sourceTree = "<group>";
		};
		37DB649A24B0E62F0018FD49 /* Products */ = {
			isa = PBXGroup;
			children = (
				37DB649924B0E62F0018FD49 /* GetQiitaAPI2.app */,
				37DB64B224B0E6310018FD49 /* GetQiitaAPI2Tests.xctest */,
				37DB64BD24B0E6310018FD49 /* GetQiitaAPI2UITests.xctest */,
			);
			name = Products;
			sourceTree = "<group>";
		};
		37DB649B24B0E62F0018FD49 /* GetQiitaAPI2 */ = {
			isa = PBXGroup;
			children = (
				37DB649C24B0E62F0018FD49 /* AppDelegate.swift */,
				37DB649E24B0E62F0018FD49 /* SceneDelegate.swift */,
				37DB64A024B0E62F0018FD49 /* ViewController.swift */,
				37DB64A224B0E62F0018FD49 /* Main.storyboard */,
				37DB64A824B0E6310018FD49 /* Assets.xcassets */,
				37DB64AA24B0E6310018FD49 /* LaunchScreen.storyboard */,
				37DB64AD24B0E6310018FD49 /* Info.plist */,
				37DB64A524B0E62F0018FD49 /* GetQiitaAPI2.xcdatamodeld */,
			);
			path = GetQiitaAPI2;
			sourceTree = "<group>";
		};
		37DB64B524B0E6310018FD49 /* GetQiitaAPI2Tests */ = {
			isa = PBXGroup;
			children = (
				37DB64B624B0E6310018FD49 /* GetQiitaAPI2Tests.swift */,
				37DB64B824B0E6310018FD49 /* Info.plist */,
			);
			path = GetQiitaAPI2Tests;
			sourceTree = "<group>";
		};
		37DB64C024B0E6310018FD49 /* GetQiitaAPI2UITests */ = {
			isa = PBXGroup;
			children = (
				37DB64C124B0E6310018FD49 /* GetQiitaAPI2UITests.swift */,
				37DB64C324B0E6310018FD49 /* Info.plist */,
			);
			path = GetQiitaAPI2UITests;
			sourceTree = "<group>";
		};
		37DB64CF24B0E6FB0018FD49 /* Frameworks */ = {
			isa = PBXGroup;
			children = (
				37DB64D124B0E7090018FD49 /* Alamofire.framework */,
				37DB64D224B0E7090018FD49 /* SwiftyJSON.framework */,
				37DB64D024B0E6FB0018FD49 /* Carthage */,
			);
			name = Frameworks;
			sourceTree = "<group>";
		};
/* End PBXGroup section */

/* Begin PBXNativeTarget section */
		37DB649824B0E62F0018FD49 /* GetQiitaAPI2 */ = {
			isa = PBXNativeTarget;
			buildConfigurationList = 37DB64C624B0E6310018FD49 /* Build configuration list for PBXNativeTarget "GetQiitaAPI2" */;
			buildPhases = (
				37DB649524B0E62F0018FD49 /* Sources */,
				37DB649624B0E62F0018FD49 /* Frameworks */,
				37DB649724B0E62F0018FD49 /* Resources */,
				37DB64D724B0E70A0018FD49 /* Embed Frameworks */,
				37DB64D824B0E7140018FD49 /* ShellScript */,
			);
			buildRules = (
			);
			dependencies = (
			);
			name = GetQiitaAPI2;
			productName = GetQiitaAPI2;
			productReference = 37DB649924B0E62F0018FD49 /* GetQiitaAPI2.app */;
			productType = "com.apple.product-type.application";
		};
		37DB64B124B0E6310018FD49 /* GetQiitaAPI2Tests */ = {
			isa = PBXNativeTarget;
			buildConfigurationList = 37DB64C924B0E6310018FD49 /* Build configuration list for PBXNativeTarget "GetQiitaAPI2Tests" */;
			buildPhases = (
				37DB64AE24B0E6310018FD49 /* Sources */,
				37DB64AF24B0E6310018FD49 /* Frameworks */,
				37DB64B024B0E6310018FD49 /* Resources */,
			);
			buildRules = (
			);
			dependencies = (
				37DB64B424B0E6310018FD49 /* PBXTargetDependency */,
			);
			name = GetQiitaAPI2Tests;
			productName = GetQiitaAPI2Tests;
			productReference = 37DB64B224B0E6310018FD49 /* GetQiitaAPI2Tests.xctest */;
			productType = "com.apple.product-type.bundle.unit-test";
		};
		37DB64BC24B0E6310018FD49 /* GetQiitaAPI2UITests */ = {
			isa = PBXNativeTarget;
			buildConfigurationList = 37DB64CC24B0E6310018FD49 /* Build configuration list for PBXNativeTarget "GetQiitaAPI2UITests" */;
			buildPhases = (
				37DB64B924B0E6310018FD49 /* Sources */,
				37DB64BA24B0E6310018FD49 /* Frameworks */,
				37DB64BB24B0E6310018FD49 /* Resources */,
			);
			buildRules = (
			);
			dependencies = (
				37DB64BF24B0E6310018FD49 /* PBXTargetDependency */,
			);
			name = GetQiitaAPI2UITests;
			productName = GetQiitaAPI2UITests;
			productReference = 37DB64BD24B0E6310018FD49 /* GetQiitaAPI2UITests.xctest */;
			productType = "com.apple.product-type.bundle.ui-testing";
		};
/* End PBXNativeTarget section */

/* Begin PBXProject section */
		37DB649124B0E62F0018FD49 /* Project object */ = {
			isa = PBXProject;
			attributes = {
				LastSwiftUpdateCheck = 1150;
				LastUpgradeCheck = 1150;
				ORGANIZATIONNAME = "Koki Kubota";
				TargetAttributes = {
					37DB649824B0E62F0018FD49 = {
						CreatedOnToolsVersion = 11.5;
					};
					37DB64B124B0E6310018FD49 = {
						CreatedOnToolsVersion = 11.5;
						TestTargetID = 37DB649824B0E62F0018FD49;
					};
					37DB64BC24B0E6310018FD49 = {
						CreatedOnToolsVersion = 11.5;
						TestTargetID = 37DB649824B0E62F0018FD49;
					};
				};
			};
			buildConfigurationList = 37DB649424B0E62F0018FD49 /* Build configuration list for PBXProject "GetQiitaAPI2" */;
			compatibilityVersion = "Xcode 9.3";
			developmentRegion = en;
			hasScannedForEncodings = 0;
			knownRegions = (
				en,
				Base,
			);
			mainGroup = 37DB649024B0E62F0018FD49;
			productRefGroup = 37DB649A24B0E62F0018FD49 /* Products */;
			projectDirPath = "";
			projectRoot = "";
			targets = (
				37DB649824B0E62F0018FD49 /* GetQiitaAPI2 */,
				37DB64B124B0E6310018FD49 /* GetQiitaAPI2Tests */,
				37DB64BC24B0E6310018FD49 /* GetQiitaAPI2UITests */,
			);
		};
/* End PBXProject section */

/* Begin PBXResourcesBuildPhase section */
		37DB649724B0E62F0018FD49 /* Resources */ = {
			isa = PBXResourcesBuildPhase;
			buildActionMask = 2147483647;
			files = (
				37DB64AC24B0E6310018FD49 /* LaunchScreen.storyboard in Resources */,
				37DB64A924B0E6310018FD49 /* Assets.xcassets in Resources */,
				37DB64A424B0E62F0018FD49 /* Main.storyboard in Resources */,
			);
			runOnlyForDeploymentPostprocessing = 0;
		};
		37DB64B024B0E6310018FD49 /* Resources */ = {
			isa = PBXResourcesBuildPhase;
			buildActionMask = 2147483647;
			files = (
			);
			runOnlyForDeploymentPostprocessing = 0;
		};
		37DB64BB24B0E6310018FD49 /* Resources */ = {
			isa = PBXResourcesBuildPhase;
			buildActionMask = 2147483647;
			files = (
			);
			runOnlyForDeploymentPostprocessing = 0;
		};
/* End PBXResourcesBuildPhase section */

/* Begin PBXShellScriptBuildPhase section */
		37DB64D824B0E7140018FD49 /* ShellScript */ = {
			isa = PBXShellScriptBuildPhase;
			buildActionMask = 2147483647;
			files = (
			);
			inputFileListPaths = (
			);
			inputPaths = (
				"$(SRCROOT)/Carthage/Build/iOS/Alamofire.framework\n",
				"$(SRCROOT)/Carthage/Build/iOS/SwiftyJSON.framework\n",
			);
			outputFileListPaths = (
			);
			outputPaths = (
			);
			runOnlyForDeploymentPostprocessing = 0;
			shellPath = /bin/sh;
			shellScript = "# Type a script or drag a script file from your workspace to insert its path.\n/usr/local/bin/carthage copy-frameworks\n";
		};
/* End PBXShellScriptBuildPhase section */

/* Begin PBXSourcesBuildPhase section */
		37DB649524B0E62F0018FD49 /* Sources */ = {
			isa = PBXSourcesBuildPhase;
			buildActionMask = 2147483647;
			files = (
				37DB64A124B0E62F0018FD49 /* ViewController.swift in Sources */,
				37DB64A724B0E62F0018FD49 /* GetQiitaAPI2.xcdatamodeld in Sources */,
				37DB649D24B0E62F0018FD49 /* AppDelegate.swift in Sources */,
				37DB649F24B0E62F0018FD49 /* SceneDelegate.swift in Sources */,
			);
			runOnlyForDeploymentPostprocessing = 0;
		};
		37DB64AE24B0E6310018FD49 /* Sources */ = {
			isa = PBXSourcesBuildPhase;
			buildActionMask = 2147483647;
			files = (
				37DB64B724B0E6310018FD49 /* GetQiitaAPI2Tests.swift in Sources */,
			);
			runOnlyForDeploymentPostprocessing = 0;
		};
		37DB64B924B0E6310018FD49 /* Sources */ = {
			isa = PBXSourcesBuildPhase;
			buildActionMask = 2147483647;
			files = (
				37DB64C224B0E6310018FD49 /* GetQiitaAPI2UITests.swift in Sources */,
			);
			runOnlyForDeploymentPostprocessing = 0;
		};
/* End PBXSourcesBuildPhase section */

/* Begin PBXTargetDependency section */
		37DB64B424B0E6310018FD49 /* PBXTargetDependency */ = {
			isa = PBXTargetDependency;
			target = 37DB649824B0E62F0018FD49 /* GetQiitaAPI2 */;
			targetProxy = 37DB64B324B0E6310018FD49 /* PBXContainerItemProxy */;
		};
		37DB64BF24B0E6310018FD49 /* PBXTargetDependency */ = {
			isa = PBXTargetDependency;
			target = 37DB649824B0E62F0018FD49 /* GetQiitaAPI2 */;
			targetProxy = 37DB64BE24B0E6310018FD49 /* PBXContainerItemProxy */;
		};
/* End PBXTargetDependency section */

/* Begin PBXVariantGroup section */
		37DB64A224B0E62F0018FD49 /* Main.storyboard */ = {
			isa = PBXVariantGroup;
			children = (
				37DB64A324B0E62F0018FD49 /* Base */,
			);
			name = Main.storyboard;
			sourceTree = "<group>";
		};
		37DB64AA24B0E6310018FD49 /* LaunchScreen.storyboard */ = {
			isa = PBXVariantGroup;
			children = (
				37DB64AB24B0E6310018FD49 /* Base */,
			);
			name = LaunchScreen.storyboard;
			sourceTree = "<group>";
		};
/* End PBXVariantGroup section */

/* Begin XCBuildConfiguration section */
		37DB64C424B0E6310018FD49 /* Debug */ = {
			isa = XCBuildConfiguration;
			buildSettings = {
				ALWAYS_SEARCH_USER_PATHS = NO;
				CLANG_ANALYZER_NONNULL = YES;
				CLANG_ANALYZER_NUMBER_OBJECT_CONVERSION = YES_AGGRESSIVE;
				CLANG_CXX_LANGUAGE_STANDARD = "gnu++14";
				CLANG_CXX_LIBRARY = "libc++";
				CLANG_ENABLE_MODULES = YES;
				CLANG_ENABLE_OBJC_ARC = YES;
				CLANG_ENABLE_OBJC_WEAK = YES;
				CLANG_WARN_BLOCK_CAPTURE_AUTORELEASING = YES;
				CLANG_WARN_BOOL_CONVERSION = YES;
				CLANG_WARN_COMMA = YES;
				CLANG_WARN_CONSTANT_CONVERSION = YES;
				CLANG_WARN_DEPRECATED_OBJC_IMPLEMENTATIONS = YES;
				CLANG_WARN_DIRECT_OBJC_ISA_USAGE = YES_ERROR;
				CLANG_WARN_DOCUMENTATION_COMMENTS = YES;
				CLANG_WARN_EMPTY_BODY = YES;
				CLANG_WARN_ENUM_CONVERSION = YES;
				CLANG_WARN_INFINITE_RECURSION = YES;
				CLANG_WARN_INT_CONVERSION = YES;
				CLANG_WARN_NON_LITERAL_NULL_CONVERSION = YES;
				CLANG_WARN_OBJC_IMPLICIT_RETAIN_SELF = YES;
				CLANG_WARN_OBJC_LITERAL_CONVERSION = YES;
				CLANG_WARN_OBJC_ROOT_CLASS = YES_ERROR;
				CLANG_WARN_RANGE_LOOP_ANALYSIS = YES;
				CLANG_WARN_STRICT_PROTOTYPES = YES;
				CLANG_WARN_SUSPICIOUS_MOVE = YES;
				CLANG_WARN_UNGUARDED_AVAILABILITY = YES_AGGRESSIVE;
				CLANG_WARN_UNREACHABLE_CODE = YES;
				CLANG_WARN__DUPLICATE_METHOD_MATCH = YES;
				COPY_PHASE_STRIP = NO;
				DEBUG_INFORMATION_FORMAT = dwarf;
				ENABLE_STRICT_OBJC_MSGSEND = YES;
				ENABLE_TESTABILITY = YES;
				GCC_C_LANGUAGE_STANDARD = gnu11;
				GCC_DYNAMIC_NO_PIC = NO;
				GCC_NO_COMMON_BLOCKS = YES;
				GCC_OPTIMIZATION_LEVEL = 0;
				GCC_PREPROCESSOR_DEFINITIONS = (
					"DEBUG=1",
					"$(inherited)",
				);
				GCC_WARN_64_TO_32_BIT_CONVERSION = YES;
				GCC_WARN_ABOUT_RETURN_TYPE = YES_ERROR;
				GCC_WARN_UNDECLARED_SELECTOR = YES;
				GCC_WARN_UNINITIALIZED_AUTOS = YES_AGGRESSIVE;
				GCC_WARN_UNUSED_FUNCTION = YES;
				GCC_WARN_UNUSED_VARIABLE = YES;
				IPHONEOS_DEPLOYMENT_TARGET = 13.5;
				MTL_ENABLE_DEBUG_INFO = INCLUDE_SOURCE;
				MTL_FAST_MATH = YES;
				ONLY_ACTIVE_ARCH = YES;
				SDKROOT = iphoneos;
				SWIFT_ACTIVE_COMPILATION_CONDITIONS = DEBUG;
				SWIFT_OPTIMIZATION_LEVEL = "-Onone";
			};
			name = Debug;
		};
		37DB64C524B0E6310018FD49 /* Release */ = {
			isa = XCBuildConfiguration;
			buildSettings = {
				ALWAYS_SEARCH_USER_PATHS = NO;
				CLANG_ANALYZER_NONNULL = YES;
				CLANG_ANALYZER_NUMBER_OBJECT_CONVERSION = YES_AGGRESSIVE;
				CLANG_CXX_LANGUAGE_STANDARD = "gnu++14";
				CLANG_CXX_LIBRARY = "libc++";
				CLANG_ENABLE_MODULES = YES;
				CLANG_ENABLE_OBJC_ARC = YES;
				CLANG_ENABLE_OBJC_WEAK = YES;
				CLANG_WARN_BLOCK_CAPTURE_AUTORELEASING = YES;
				CLANG_WARN_BOOL_CONVERSION = YES;
				CLANG_WARN_COMMA = YES;
				CLANG_WARN_CONSTANT_CONVERSION = YES;
				CLANG_WARN_DEPRECATED_OBJC_IMPLEMENTATIONS = YES;
				CLANG_WARN_DIRECT_OBJC_ISA_USAGE = YES_ERROR;
				CLANG_WARN_DOCUMENTATION_COMMENTS = YES;
				CLANG_WARN_EMPTY_BODY = YES;
				CLANG_WARN_ENUM_CONVERSION = YES;
				CLANG_WARN_INFINITE_RECURSION = YES;
				CLANG_WARN_INT_CONVERSION = YES;
				CLANG_WARN_NON_LITERAL_NULL_CONVERSION = YES;
				CLANG_WARN_OBJC_IMPLICIT_RETAIN_SELF = YES;
				CLANG_WARN_OBJC_LITERAL_CONVERSION = YES;
				CLANG_WARN_OBJC_ROOT_CLASS = YES_ERROR;
				CLANG_WARN_RANGE_LOOP_ANALYSIS = YES;
				CLANG_WARN_STRICT_PROTOTYPES = YES;
				CLANG_WARN_SUSPICIOUS_MOVE = YES;
				CLANG_WARN_UNGUARDED_AVAILABILITY = YES_AGGRESSIVE;
				CLANG_WARN_UNREACHABLE_CODE = YES;
				CLANG_WARN__DUPLICATE_METHOD_MATCH = YES;
				COPY_PHASE_STRIP = NO;
				DEBUG_INFORMATION_FORMAT = "dwarf-with-dsym";
				ENABLE_NS_ASSERTIONS = NO;
				ENABLE_STRICT_OBJC_MSGSEND = YES;
				GCC_C_LANGUAGE_STANDARD = gnu11;
				GCC_NO_COMMON_BLOCKS = YES;
				GCC_WARN_64_TO_32_BIT_CONVERSION = YES;
				GCC_WARN_ABOUT_RETURN_TYPE = YES_ERROR;
				GCC_WARN_UNDECLARED_SELECTOR = YES;
				GCC_WARN_UNINITIALIZED_AUTOS = YES_AGGRESSIVE;
				GCC_WARN_UNUSED_FUNCTION = YES;
				GCC_WARN_UNUSED_VARIABLE = YES;
				IPHONEOS_DEPLOYMENT_TARGET = 13.5;
				MTL_ENABLE_DEBUG_INFO = NO;
				MTL_FAST_MATH = YES;
				SDKROOT = iphoneos;
				SWIFT_COMPILATION_MODE = wholemodule;
				SWIFT_OPTIMIZATION_LEVEL = "-O";
				VALIDATE_PRODUCT = YES;
			};
			name = Release;
		};
		37DB64C724B0E6310018FD49 /* Debug */ = {
			isa = XCBuildConfiguration;
			buildSettings = {
				ASSETCATALOG_COMPILER_APPICON_NAME = AppIcon;
				CODE_SIGN_STYLE = Automatic;
				DEVELOPMENT_TEAM = MNNZQ7RM8Q;
				FRAMEWORK_SEARCH_PATHS = (
					"$(inherited)",
					"$(PROJECT_DIR)/Carthage/Build/iOS",
				);
				INFOPLIST_FILE = GetQiitaAPI2/Info.plist;
				LD_RUNPATH_SEARCH_PATHS = (
					"$(inherited)",
					"@executable_path/Frameworks",
				);
				PRODUCT_BUNDLE_IDENTIFIER = com.example.kuboko.GetQiitaAPI2;
				PRODUCT_NAME = "$(TARGET_NAME)";
				SWIFT_VERSION = 5.0;
				TARGETED_DEVICE_FAMILY = "1,2";
			};
			name = Debug;
		};
		37DB64C824B0E6310018FD49 /* Release */ = {
			isa = XCBuildConfiguration;
			buildSettings = {
				ASSETCATALOG_COMPILER_APPICON_NAME = AppIcon;
				CODE_SIGN_STYLE = Automatic;
				DEVELOPMENT_TEAM = MNNZQ7RM8Q;
				FRAMEWORK_SEARCH_PATHS = (
					"$(inherited)",
					"$(PROJECT_DIR)/Carthage/Build/iOS",
				);
				INFOPLIST_FILE = GetQiitaAPI2/Info.plist;
				LD_RUNPATH_SEARCH_PATHS = (
					"$(inherited)",
					"@executable_path/Frameworks",
				);
				PRODUCT_BUNDLE_IDENTIFIER = com.example.kuboko.GetQiitaAPI2;
				PRODUCT_NAME = "$(TARGET_NAME)";
				SWIFT_VERSION = 5.0;
				TARGETED_DEVICE_FAMILY = "1,2";
			};
			name = Release;
		};
		37DB64CA24B0E6310018FD49 /* Debug */ = {
			isa = XCBuildConfiguration;
			buildSettings = {
				ALWAYS_EMBED_SWIFT_STANDARD_LIBRARIES = YES;
				BUNDLE_LOADER = "$(TEST_HOST)";
				CODE_SIGN_STYLE = Automatic;
				DEVELOPMENT_TEAM = MNNZQ7RM8Q;
				INFOPLIST_FILE = GetQiitaAPI2Tests/Info.plist;
				IPHONEOS_DEPLOYMENT_TARGET = 13.5;
				LD_RUNPATH_SEARCH_PATHS = (
					"$(inherited)",
					"@executable_path/Frameworks",
					"@loader_path/Frameworks",
				);
				PRODUCT_BUNDLE_IDENTIFIER = com.example.kuboko.GetQiitaAPI2Tests;
				PRODUCT_NAME = "$(TARGET_NAME)";
				SWIFT_VERSION = 5.0;
				TARGETED_DEVICE_FAMILY = "1,2";
				TEST_HOST = "$(BUILT_PRODUCTS_DIR)/GetQiitaAPI2.app/GetQiitaAPI2";
			};
			name = Debug;
		};
		37DB64CB24B0E6310018FD49 /* Release */ = {
			isa = XCBuildConfiguration;
			buildSettings = {
				ALWAYS_EMBED_SWIFT_STANDARD_LIBRARIES = YES;
				BUNDLE_LOADER = "$(TEST_HOST)";
				CODE_SIGN_STYLE = Automatic;
				DEVELOPMENT_TEAM = MNNZQ7RM8Q;
				INFOPLIST_FILE = GetQiitaAPI2Tests/Info.plist;
				IPHONEOS_DEPLOYMENT_TARGET = 13.5;
				LD_RUNPATH_SEARCH_PATHS = (
					"$(inherited)",
					"@executable_path/Frameworks",
					"@loader_path/Frameworks",
				);
				PRODUCT_BUNDLE_IDENTIFIER = com.example.kuboko.GetQiitaAPI2Tests;
				PRODUCT_NAME = "$(TARGET_NAME)";
				SWIFT_VERSION = 5.0;
				TARGETED_DEVICE_FAMILY = "1,2";
				TEST_HOST = "$(BUILT_PRODUCTS_DIR)/GetQiitaAPI2.app/GetQiitaAPI2";
			};
			name = Release;
		};
		37DB64CD24B0E6310018FD49 /* Debug */ = {
			isa = XCBuildConfiguration;
			buildSettings = {
				ALWAYS_EMBED_SWIFT_STANDARD_LIBRARIES = YES;
				CODE_SIGN_STYLE = Automatic;
				DEVELOPMENT_TEAM = MNNZQ7RM8Q;
				INFOPLIST_FILE = GetQiitaAPI2UITests/Info.plist;
				LD_RUNPATH_SEARCH_PATHS = (
					"$(inherited)",
					"@executable_path/Frameworks",
					"@loader_path/Frameworks",
				);
				PRODUCT_BUNDLE_IDENTIFIER = com.example.kuboko.GetQiitaAPI2UITests;
				PRODUCT_NAME = "$(TARGET_NAME)";
				SWIFT_VERSION = 5.0;
				TARGETED_DEVICE_FAMILY = "1,2";
				TEST_TARGET_NAME = GetQiitaAPI2;
			};
			name = Debug;
		};
		37DB64CE24B0E6310018FD49 /* Release */ = {
			isa = XCBuildConfiguration;
			buildSettings = {
				ALWAYS_EMBED_SWIFT_STANDARD_LIBRARIES = YES;
				CODE_SIGN_STYLE = Automatic;
				DEVELOPMENT_TEAM = MNNZQ7RM8Q;
				INFOPLIST_FILE = GetQiitaAPI2UITests/Info.plist;
				LD_RUNPATH_SEARCH_PATHS = (
					"$(inherited)",
					"@executable_path/Frameworks",
					"@loader_path/Frameworks",
				);
				PRODUCT_BUNDLE_IDENTIFIER = com.example.kuboko.GetQiitaAPI2UITests;
				PRODUCT_NAME = "$(TARGET_NAME)";
				SWIFT_VERSION = 5.0;
				TARGETED_DEVICE_FAMILY = "1,2";
				TEST_TARGET_NAME = GetQiitaAPI2;
			};
			name = Release;
		};
/* End XCBuildConfiguration section */

/* Begin XCConfigurationList section */
		37DB649424B0E62F0018FD49 /* Build configuration list for PBXProject "GetQiitaAPI2" */ = {
			isa = XCConfigurationList;
			buildConfigurations = (
				37DB64C424B0E6310018FD49 /* Debug */,
				37DB64C524B0E6310018FD49 /* Release */,
			);
			defaultConfigurationIsVisible = 0;
			defaultConfigurationName = Release;
		};
		37DB64C624B0E6310018FD49 /* Build configuration list for PBXNativeTarget "GetQiitaAPI2" */ = {
			isa = XCConfigurationList;
			buildConfigurations = (
				37DB64C724B0E6310018FD49 /* Debug */,
				37DB64C824B0E6310018FD49 /* Release */,
			);
			defaultConfigurationIsVisible = 0;
			defaultConfigurationName = Release;
		};
		37DB64C924B0E6310018FD49 /* Build configuration list for PBXNativeTarget "GetQiitaAPI2Tests" */ = {
			isa = XCConfigurationList;
			buildConfigurations = (
				37DB64CA24B0E6310018FD49 /* Debug */,
				37DB64CB24B0E6310018FD49 /* Release */,
			);
			defaultConfigurationIsVisible = 0;
			defaultConfigurationName = Release;
		};
		37DB64CC24B0E6310018FD49 /* Build configuration list for PBXNativeTarget "GetQiitaAPI2UITests" */ = {
			isa = XCConfigurationList;
			buildConfigurations = (
				37DB64CD24B0E6310018FD49 /* Debug */,
				37DB64CE24B0E6310018FD49 /* Release */,
			);
			defaultConfigurationIsVisible = 0;
			defaultConfigurationName = Release;
		};
/* End XCConfigurationList section */

/* Begin XCVersionGroup section */
		37DB64A524B0E62F0018FD49 /* GetQiitaAPI2.xcdatamodeld */ = {
			isa = XCVersionGroup;
			children = (
				37DB64A624B0E62F0018FD49 /* GetQiitaAPI2.xcdatamodel */,
			);
			currentVersion = 37DB64A624B0E62F0018FD49 /* GetQiitaAPI2.xcdatamodel */;
			path = GetQiitaAPI2.xcdatamodeld;
			sourceTree = "<group>";
			versionGroupType = wrapper.xcdatamodel;
		};
/* End XCVersionGroup section */
	};
	rootObject = 37DB649124B0E62F0018FD49 /* Project object */;
}
