// !$*UTF8*$!
{
	archiveVersion = 1;
	classes = {
	};
	objectVersion = 50;
	objects = {

/* Begin PBXBuildFile section */
		37F419222487E165008094CA /* AppDelegate.swift in Sources */ = {isa = PBXBuildFile; fileRef = 37F419212487E165008094CA /* AppDelegate.swift */; };
		37F419242487E165008094CA /* SceneDelegate.swift in Sources */ = {isa = PBXBuildFile; fileRef = 37F419232487E165008094CA /* SceneDelegate.swift */; };
		37F419262487E165008094CA /* ContentView.swift in Sources */ = {isa = PBXBuildFile; fileRef = 37F419252487E165008094CA /* ContentView.swift */; };
		37F419282487E168008094CA /* Assets.xcassets in Resources */ = {isa = PBXBuildFile; fileRef = 37F419272487E168008094CA /* Assets.xcassets */; };
		37F4192B2487E168008094CA /* Preview Assets.xcassets in Resources */ = {isa = PBXBuildFile; fileRef = 37F4192A2487E168008094CA /* Preview Assets.xcassets */; };
		37F4192E2487E168008094CA /* LaunchScreen.storyboard in Resources */ = {isa = PBXBuildFile; fileRef = 37F4192C2487E168008094CA /* LaunchScreen.storyboard */; };
		37F419392487E168008094CA /* TestApp001Tests.swift in Sources */ = {isa = PBXBuildFile; fileRef = 37F419382487E168008094CA /* TestApp001Tests.swift */; };
		37F419442487E168008094CA /* TestApp001UITests.swift in Sources */ = {isa = PBXBuildFile; fileRef = 37F419432487E168008094CA /* TestApp001UITests.swift */; };
/* End PBXBuildFile section */

/* Begin PBXContainerItemProxy section */
		37F419352487E168008094CA /* PBXContainerItemProxy */ = {
			isa = PBXContainerItemProxy;
			containerPortal = 37F419162487E165008094CA /* Project object */;
			proxyType = 1;
			remoteGlobalIDString = 37F4191D2487E165008094CA;
			remoteInfo = TestApp001;
		};
		37F419402487E168008094CA /* PBXContainerItemProxy */ = {
			isa = PBXContainerItemProxy;
			containerPortal = 37F419162487E165008094CA /* Project object */;
			proxyType = 1;
			remoteGlobalIDString = 37F4191D2487E165008094CA;
			remoteInfo = TestApp001;
		};
/* End PBXContainerItemProxy section */

/* Begin PBXFileReference section */
		37F4191E2487E165008094CA /* TestApp001.app */ = {isa = PBXFileReference; explicitFileType = wrapper.application; includeInIndex = 0; path = TestApp001.app; sourceTree = BUILT_PRODUCTS_DIR; };
		37F419212487E165008094CA /* AppDelegate.swift */ = {isa = PBXFileReference; lastKnownFileType = sourcecode.swift; path = AppDelegate.swift; sourceTree = "<group>"; };
		37F419232487E165008094CA /* SceneDelegate.swift */ = {isa = PBXFileReference; lastKnownFileType = sourcecode.swift; path = SceneDelegate.swift; sourceTree = "<group>"; };
		37F419252487E165008094CA /* ContentView.swift */ = {isa = PBXFileReference; lastKnownFileType = sourcecode.swift; path = ContentView.swift; sourceTree = "<group>"; };
		37F419272487E168008094CA /* Assets.xcassets */ = {isa = PBXFileReference; lastKnownFileType = folder.assetcatalog; path = Assets.xcassets; sourceTree = "<group>"; };
		37F4192A2487E168008094CA /* Preview Assets.xcassets */ = {isa = PBXFileReference; lastKnownFileType = folder.assetcatalog; path = "Preview Assets.xcassets"; sourceTree = "<group>"; };
		37F4192D2487E168008094CA /* Base */ = {isa = PBXFileReference; lastKnownFileType = file.storyboard; name = Base; path = Base.lproj/LaunchScreen.storyboard; sourceTree = "<group>"; };
		37F4192F2487E168008094CA /* Info.plist */ = {isa = PBXFileReference; lastKnownFileType = text.plist.xml; path = Info.plist; sourceTree = "<group>"; };
		37F419342487E168008094CA /* TestApp001Tests.xctest */ = {isa = PBXFileReference; explicitFileType = wrapper.cfbundle; includeInIndex = 0; path = TestApp001Tests.xctest; sourceTree = BUILT_PRODUCTS_DIR; };
		37F419382487E168008094CA /* TestApp001Tests.swift */ = {isa = PBXFileReference; lastKnownFileType = sourcecode.swift; path = TestApp001Tests.swift; sourceTree = "<group>"; };
		37F4193A2487E168008094CA /* Info.plist */ = {isa = PBXFileReference; lastKnownFileType = text.plist.xml; path = Info.plist; sourceTree = "<group>"; };
		37F4193F2487E168008094CA /* TestApp001UITests.xctest */ = {isa = PBXFileReference; explicitFileType = wrapper.cfbundle; includeInIndex = 0; path = TestApp001UITests.xctest; sourceTree = BUILT_PRODUCTS_DIR; };
		37F419432487E168008094CA /* TestApp001UITests.swift */ = {isa = PBXFileReference; lastKnownFileType = sourcecode.swift; path = TestApp001UITests.swift; sourceTree = "<group>"; };
		37F419452487E168008094CA /* Info.plist */ = {isa = PBXFileReference; lastKnownFileType = text.plist.xml; path = Info.plist; sourceTree = "<group>"; };
/* End PBXFileReference section */

/* Begin PBXFrameworksBuildPhase section */
		37F4191B2487E165008094CA /* Frameworks */ = {
			isa = PBXFrameworksBuildPhase;
			buildActionMask = 2147483647;
			files = (
			);
			runOnlyForDeploymentPostprocessing = 0;
		};
		37F419312487E168008094CA /* Frameworks */ = {
			isa = PBXFrameworksBuildPhase;
			buildActionMask = 2147483647;
			files = (
			);
			runOnlyForDeploymentPostprocessing = 0;
		};
		37F4193C2487E168008094CA /* Frameworks */ = {
			isa = PBXFrameworksBuildPhase;
			buildActionMask = 2147483647;
			files = (
			);
			runOnlyForDeploymentPostprocessing = 0;
		};
/* End PBXFrameworksBuildPhase section */

/* Begin PBXGroup section */
		37F419152487E165008094CA = {
			isa = PBXGroup;
			children = (
				37F419202487E165008094CA /* TestApp001 */,
				37F419372487E168008094CA /* TestApp001Tests */,
				37F419422487E168008094CA /* TestApp001UITests */,
				37F4191F2487E165008094CA /* Products */,
			);
			sourceTree = "<group>";
		};
		37F4191F2487E165008094CA /* Products */ = {
			isa = PBXGroup;
			children = (
				37F4191E2487E165008094CA /* TestApp001.app */,
				37F419342487E168008094CA /* TestApp001Tests.xctest */,
				37F4193F2487E168008094CA /* TestApp001UITests.xctest */,
			);
			name = Products;
			sourceTree = "<group>";
		};
		37F419202487E165008094CA /* TestApp001 */ = {
			isa = PBXGroup;
			children = (
				37F419212487E165008094CA /* AppDelegate.swift */,
				37F419232487E165008094CA /* SceneDelegate.swift */,
				37F419252487E165008094CA /* ContentView.swift */,
				37F419272487E168008094CA /* Assets.xcassets */,
				37F4192C2487E168008094CA /* LaunchScreen.storyboard */,
				37F4192F2487E168008094CA /* Info.plist */,
				37F419292487E168008094CA /* Preview Content */,
			);
			path = TestApp001;
			sourceTree = "<group>";
		};
		37F419292487E168008094CA /* Preview Content */ = {
			isa = PBXGroup;
			children = (
				37F4192A2487E168008094CA /* Preview Assets.xcassets */,
			);
			path = "Preview Content";
			sourceTree = "<group>";
		};
		37F419372487E168008094CA /* TestApp001Tests */ = {
			isa = PBXGroup;
			children = (
				37F419382487E168008094CA /* TestApp001Tests.swift */,
				37F4193A2487E168008094CA /* Info.plist */,
			);
			path = TestApp001Tests;
			sourceTree = "<group>";
		};
		37F419422487E168008094CA /* TestApp001UITests */ = {
			isa = PBXGroup;
			children = (
				37F419432487E168008094CA /* TestApp001UITests.swift */,
				37F419452487E168008094CA /* Info.plist */,
			);
			path = TestApp001UITests;
			sourceTree = "<group>";
		};
/* End PBXGroup section */

/* Begin PBXNativeTarget section */
		37F4191D2487E165008094CA /* TestApp001 */ = {
			isa = PBXNativeTarget;
			buildConfigurationList = 37F419482487E168008094CA /* Build configuration list for PBXNativeTarget "TestApp001" */;
			buildPhases = (
				37F4191A2487E165008094CA /* Sources */,
				37F4191B2487E165008094CA /* Frameworks */,
				37F4191C2487E165008094CA /* Resources */,
			);
			buildRules = (
			);
			dependencies = (
			);
			name = TestApp001;
			productName = TestApp001;
			productReference = 37F4191E2487E165008094CA /* TestApp001.app */;
			productType = "com.apple.product-type.application";
		};
		37F419332487E168008094CA /* TestApp001Tests */ = {
			isa = PBXNativeTarget;
			buildConfigurationList = 37F4194B2487E168008094CA /* Build configuration list for PBXNativeTarget "TestApp001Tests" */;
			buildPhases = (
				37F419302487E168008094CA /* Sources */,
				37F419312487E168008094CA /* Frameworks */,
				37F419322487E168008094CA /* Resources */,
			);
			buildRules = (
			);
			dependencies = (
				37F419362487E168008094CA /* PBXTargetDependency */,
			);
			name = TestApp001Tests;
			productName = TestApp001Tests;
			productReference = 37F419342487E168008094CA /* TestApp001Tests.xctest */;
			productType = "com.apple.product-type.bundle.unit-test";
		};
		37F4193E2487E168008094CA /* TestApp001UITests */ = {
			isa = PBXNativeTarget;
			buildConfigurationList = 37F4194E2487E168008094CA /* Build configuration list for PBXNativeTarget "TestApp001UITests" */;
			buildPhases = (
				37F4193B2487E168008094CA /* Sources */,
				37F4193C2487E168008094CA /* Frameworks */,
				37F4193D2487E168008094CA /* Resources */,
			);
			buildRules = (
			);
			dependencies = (
				37F419412487E168008094CA /* PBXTargetDependency */,
			);
			name = TestApp001UITests;
			productName = TestApp001UITests;
			productReference = 37F4193F2487E168008094CA /* TestApp001UITests.xctest */;
			productType = "com.apple.product-type.bundle.ui-testing";
		};
/* End PBXNativeTarget section */

/* Begin PBXProject section */
		37F419162487E165008094CA /* Project object */ = {
			isa = PBXProject;
			attributes = {
				LastSwiftUpdateCheck = 1150;
				LastUpgradeCheck = 1150;
				ORGANIZATIONNAME = "Koki Kubota";
				TargetAttributes = {
					37F4191D2487E165008094CA = {
						CreatedOnToolsVersion = 11.5;
					};
					37F419332487E168008094CA = {
						CreatedOnToolsVersion = 11.5;
						TestTargetID = 37F4191D2487E165008094CA;
					};
					37F4193E2487E168008094CA = {
						CreatedOnToolsVersion = 11.5;
						TestTargetID = 37F4191D2487E165008094CA;
					};
				};
			};
			buildConfigurationList = 37F419192487E165008094CA /* Build configuration list for PBXProject "TestApp001" */;
			compatibilityVersion = "Xcode 9.3";
			developmentRegion = en;
			hasScannedForEncodings = 0;
			knownRegions = (
				en,
				Base,
			);
			mainGroup = 37F419152487E165008094CA;
			productRefGroup = 37F4191F2487E165008094CA /* Products */;
			projectDirPath = "";
			projectRoot = "";
			targets = (
				37F4191D2487E165008094CA /* TestApp001 */,
				37F419332487E168008094CA /* TestApp001Tests */,
				37F4193E2487E168008094CA /* TestApp001UITests */,
			);
		};
/* End PBXProject section */

/* Begin PBXResourcesBuildPhase section */
		37F4191C2487E165008094CA /* Resources */ = {
			isa = PBXResourcesBuildPhase;
			buildActionMask = 2147483647;
			files = (
				37F4192E2487E168008094CA /* LaunchScreen.storyboard in Resources */,
				37F4192B2487E168008094CA /* Preview Assets.xcassets in Resources */,
				37F419282487E168008094CA /* Assets.xcassets in Resources */,
			);
			runOnlyForDeploymentPostprocessing = 0;
		};
		37F419322487E168008094CA /* Resources */ = {
			isa = PBXResourcesBuildPhase;
			buildActionMask = 2147483647;
			files = (
			);
			runOnlyForDeploymentPostprocessing = 0;
		};
		37F4193D2487E168008094CA /* Resources */ = {
			isa = PBXResourcesBuildPhase;
			buildActionMask = 2147483647;
			files = (
			);
			runOnlyForDeploymentPostprocessing = 0;
		};
/* End PBXResourcesBuildPhase section */

/* Begin PBXSourcesBuildPhase section */
		37F4191A2487E165008094CA /* Sources */ = {
			isa = PBXSourcesBuildPhase;
			buildActionMask = 2147483647;
			files = (
				37F419222487E165008094CA /* AppDelegate.swift in Sources */,
				37F419242487E165008094CA /* SceneDelegate.swift in Sources */,
				37F419262487E165008094CA /* ContentView.swift in Sources */,
			);
			runOnlyForDeploymentPostprocessing = 0;
		};
		37F419302487E168008094CA /* Sources */ = {
			isa = PBXSourcesBuildPhase;
			buildActionMask = 2147483647;
			files = (
				37F419392487E168008094CA /* TestApp001Tests.swift in Sources */,
			);
			runOnlyForDeploymentPostprocessing = 0;
		};
		37F4193B2487E168008094CA /* Sources */ = {
			isa = PBXSourcesBuildPhase;
			buildActionMask = 2147483647;
			files = (
				37F419442487E168008094CA /* TestApp001UITests.swift in Sources */,
			);
			runOnlyForDeploymentPostprocessing = 0;
		};
/* End PBXSourcesBuildPhase section */

/* Begin PBXTargetDependency section */
		37F419362487E168008094CA /* PBXTargetDependency */ = {
			isa = PBXTargetDependency;
			target = 37F4191D2487E165008094CA /* TestApp001 */;
			targetProxy = 37F419352487E168008094CA /* PBXContainerItemProxy */;
		};
		37F419412487E168008094CA /* PBXTargetDependency */ = {
			isa = PBXTargetDependency;
			target = 37F4191D2487E165008094CA /* TestApp001 */;
			targetProxy = 37F419402487E168008094CA /* PBXContainerItemProxy */;
		};
/* End PBXTargetDependency section */

/* Begin PBXVariantGroup section */
		37F4192C2487E168008094CA /* LaunchScreen.storyboard */ = {
			isa = PBXVariantGroup;
			children = (
				37F4192D2487E168008094CA /* Base */,
			);
			name = LaunchScreen.storyboard;
			sourceTree = "<group>";
		};
/* End PBXVariantGroup section */

/* Begin XCBuildConfiguration section */
		37F419462487E168008094CA /* Debug */ = {
			isa = XCBuildConfiguration;
			buildSettings = {
				ALWAYS_SEARCH_USER_PATHS = NO;
				CLANG_ANALYZER_NONNULL = YES;
				CLANG_ANALYZER_NUMBER_OBJECT_CONVERSION = YES_AGGRESSIVE;
				CLANG_CXX_LANGUAGE_STANDARD = "gnu++14";
				CLANG_CXX_LIBRARY = "libc++";
				CLANG_ENABLE_MODULES = YES;
				CLANG_ENABLE_OBJC_ARC = YES;
				CLANG_ENABLE_OBJC_WEAK = YES;
				CLANG_WARN_BLOCK_CAPTURE_AUTORELEASING = YES;
				CLANG_WARN_BOOL_CONVERSION = YES;
				CLANG_WARN_COMMA = YES;
				CLANG_WARN_CONSTANT_CONVERSION = YES;
				CLANG_WARN_DEPRECATED_OBJC_IMPLEMENTATIONS = YES;
				CLANG_WARN_DIRECT_OBJC_ISA_USAGE = YES_ERROR;
				CLANG_WARN_DOCUMENTATION_COMMENTS = YES;
				CLANG_WARN_EMPTY_BODY = YES;
				CLANG_WARN_ENUM_CONVERSION = YES;
				CLANG_WARN_INFINITE_RECURSION = YES;
				CLANG_WARN_INT_CONVERSION = YES;
				CLANG_WARN_NON_LITERAL_NULL_CONVERSION = YES;
				CLANG_WARN_OBJC_IMPLICIT_RETAIN_SELF = YES;
				CLANG_WARN_OBJC_LITERAL_CONVERSION = YES;
				CLANG_WARN_OBJC_ROOT_CLASS = YES_ERROR;
				CLANG_WARN_RANGE_LOOP_ANALYSIS = YES;
				CLANG_WARN_STRICT_PROTOTYPES = YES;
				CLANG_WARN_SUSPICIOUS_MOVE = YES;
				CLANG_WARN_UNGUARDED_AVAILABILITY = YES_AGGRESSIVE;
				CLANG_WARN_UNREACHABLE_CODE = YES;
				CLANG_WARN__DUPLICATE_METHOD_MATCH = YES;
				COPY_PHASE_STRIP = NO;
				DEBUG_INFORMATION_FORMAT = dwarf;
				ENABLE_STRICT_OBJC_MSGSEND = YES;
				ENABLE_TESTABILITY = YES;
				GCC_C_LANGUAGE_STANDARD = gnu11;
				GCC_DYNAMIC_NO_PIC = NO;
				GCC_NO_COMMON_BLOCKS = YES;
				GCC_OPTIMIZATION_LEVEL = 0;
				GCC_PREPROCESSOR_DEFINITIONS = (
					"DEBUG=1",
					"$(inherited)",
				);
				GCC_WARN_64_TO_32_BIT_CONVERSION = YES;
				GCC_WARN_ABOUT_RETURN_TYPE = YES_ERROR;
				GCC_WARN_UNDECLARED_SELECTOR = YES;
				GCC_WARN_UNINITIALIZED_AUTOS = YES_AGGRESSIVE;
				GCC_WARN_UNUSED_FUNCTION = YES;
				GCC_WARN_UNUSED_VARIABLE = YES;
				IPHONEOS_DEPLOYMENT_TARGET = 13.5;
				MTL_ENABLE_DEBUG_INFO = INCLUDE_SOURCE;
				MTL_FAST_MATH = YES;
				ONLY_ACTIVE_ARCH = YES;
				SDKROOT = iphoneos;
				SWIFT_ACTIVE_COMPILATION_CONDITIONS = DEBUG;
				SWIFT_OPTIMIZATION_LEVEL = "-Onone";
			};
			name = Debug;
		};
		37F419472487E168008094CA /* Release */ = {
			isa = XCBuildConfiguration;
			buildSettings = {
				ALWAYS_SEARCH_USER_PATHS = NO;
				CLANG_ANALYZER_NONNULL = YES;
				CLANG_ANALYZER_NUMBER_OBJECT_CONVERSION = YES_AGGRESSIVE;
				CLANG_CXX_LANGUAGE_STANDARD = "gnu++14";
				CLANG_CXX_LIBRARY = "libc++";
				CLANG_ENABLE_MODULES = YES;
				CLANG_ENABLE_OBJC_ARC = YES;
				CLANG_ENABLE_OBJC_WEAK = YES;
				CLANG_WARN_BLOCK_CAPTURE_AUTORELEASING = YES;
				CLANG_WARN_BOOL_CONVERSION = YES;
				CLANG_WARN_COMMA = YES;
				CLANG_WARN_CONSTANT_CONVERSION = YES;
				CLANG_WARN_DEPRECATED_OBJC_IMPLEMENTATIONS = YES;
				CLANG_WARN_DIRECT_OBJC_ISA_USAGE = YES_ERROR;
				CLANG_WARN_DOCUMENTATION_COMMENTS = YES;
				CLANG_WARN_EMPTY_BODY = YES;
				CLANG_WARN_ENUM_CONVERSION = YES;
				CLANG_WARN_INFINITE_RECURSION = YES;
				CLANG_WARN_INT_CONVERSION = YES;
				CLANG_WARN_NON_LITERAL_NULL_CONVERSION = YES;
				CLANG_WARN_OBJC_IMPLICIT_RETAIN_SELF = YES;
				CLANG_WARN_OBJC_LITERAL_CONVERSION = YES;
				CLANG_WARN_OBJC_ROOT_CLASS = YES_ERROR;
				CLANG_WARN_RANGE_LOOP_ANALYSIS = YES;
				CLANG_WARN_STRICT_PROTOTYPES = YES;
				CLANG_WARN_SUSPICIOUS_MOVE = YES;
				CLANG_WARN_UNGUARDED_AVAILABILITY = YES_AGGRESSIVE;
				CLANG_WARN_UNREACHABLE_CODE = YES;
				CLANG_WARN__DUPLICATE_METHOD_MATCH = YES;
				COPY_PHASE_STRIP = NO;
				DEBUG_INFORMATION_FORMAT = "dwarf-with-dsym";
				ENABLE_NS_ASSERTIONS = NO;
				ENABLE_STRICT_OBJC_MSGSEND = YES;
				GCC_C_LANGUAGE_STANDARD = gnu11;
				GCC_NO_COMMON_BLOCKS = YES;
				GCC_WARN_64_TO_32_BIT_CONVERSION = YES;
				GCC_WARN_ABOUT_RETURN_TYPE = YES_ERROR;
				GCC_WARN_UNDECLARED_SELECTOR = YES;
				GCC_WARN_UNINITIALIZED_AUTOS = YES_AGGRESSIVE;
				GCC_WARN_UNUSED_FUNCTION = YES;
				GCC_WARN_UNUSED_VARIABLE = YES;
				IPHONEOS_DEPLOYMENT_TARGET = 13.5;
				MTL_ENABLE_DEBUG_INFO = NO;
				MTL_FAST_MATH = YES;
				SDKROOT = iphoneos;
				SWIFT_COMPILATION_MODE = wholemodule;
				SWIFT_OPTIMIZATION_LEVEL = "-O";
				VALIDATE_PRODUCT = YES;
			};
			name = Release;
		};
		37F419492487E168008094CA /* Debug */ = {
			isa = XCBuildConfiguration;
			buildSettings = {
				ASSETCATALOG_COMPILER_APPICON_NAME = AppIcon;
				CODE_SIGN_STYLE = Automatic;
				DEVELOPMENT_ASSET_PATHS = "\"TestApp001/Preview Content\"";
				DEVELOPMENT_TEAM = MNNZQ7RM8Q;
				ENABLE_PREVIEWS = YES;
				INFOPLIST_FILE = TestApp001/Info.plist;
				LD_RUNPATH_SEARCH_PATHS = (
					"$(inherited)",
					"@executable_path/Frameworks",
				);
				PRODUCT_BUNDLE_IDENTIFIER = Kuboko.TestApp001;
				PRODUCT_NAME = "$(TARGET_NAME)";
				SWIFT_VERSION = 5.0;
				TARGETED_DEVICE_FAMILY = "1,2";
			};
			name = Debug;
		};
		37F4194A2487E168008094CA /* Release */ = {
			isa = XCBuildConfiguration;
			buildSettings = {
				ASSETCATALOG_COMPILER_APPICON_NAME = AppIcon;
				CODE_SIGN_STYLE = Automatic;
				DEVELOPMENT_ASSET_PATHS = "\"TestApp001/Preview Content\"";
				DEVELOPMENT_TEAM = MNNZQ7RM8Q;
				ENABLE_PREVIEWS = YES;
				INFOPLIST_FILE = TestApp001/Info.plist;
				LD_RUNPATH_SEARCH_PATHS = (
					"$(inherited)",
					"@executable_path/Frameworks",
				);
				PRODUCT_BUNDLE_IDENTIFIER = Kuboko.TestApp001;
				PRODUCT_NAME = "$(TARGET_NAME)";
				SWIFT_VERSION = 5.0;
				TARGETED_DEVICE_FAMILY = "1,2";
			};
			name = Release;
		};
		37F4194C2487E168008094CA /* Debug */ = {
			isa = XCBuildConfiguration;
			buildSettings = {
				ALWAYS_EMBED_SWIFT_STANDARD_LIBRARIES = YES;
				BUNDLE_LOADER = "$(TEST_HOST)";
				CODE_SIGN_STYLE = Automatic;
				DEVELOPMENT_TEAM = MNNZQ7RM8Q;
				INFOPLIST_FILE = TestApp001Tests/Info.plist;
				IPHONEOS_DEPLOYMENT_TARGET = 13.5;
				LD_RUNPATH_SEARCH_PATHS = (
					"$(inherited)",
					"@executable_path/Frameworks",
					"@loader_path/Frameworks",
				);
				PRODUCT_BUNDLE_IDENTIFIER = Kuboko.TestApp001Tests;
				PRODUCT_NAME = "$(TARGET_NAME)";
				SWIFT_VERSION = 5.0;
				TARGETED_DEVICE_FAMILY = "1,2";
				TEST_HOST = "$(BUILT_PRODUCTS_DIR)/TestApp001.app/TestApp001";
			};
			name = Debug;
		};
		37F4194D2487E168008094CA /* Release */ = {
			isa = XCBuildConfiguration;
			buildSettings = {
				ALWAYS_EMBED_SWIFT_STANDARD_LIBRARIES = YES;
				BUNDLE_LOADER = "$(TEST_HOST)";
				CODE_SIGN_STYLE = Automatic;
				DEVELOPMENT_TEAM = MNNZQ7RM8Q;
				INFOPLIST_FILE = TestApp001Tests/Info.plist;
				IPHONEOS_DEPLOYMENT_TARGET = 13.5;
				LD_RUNPATH_SEARCH_PATHS = (
					"$(inherited)",
					"@executable_path/Frameworks",
					"@loader_path/Frameworks",
				);
				PRODUCT_BUNDLE_IDENTIFIER = Kuboko.TestApp001Tests;
				PRODUCT_NAME = "$(TARGET_NAME)";
				SWIFT_VERSION = 5.0;
				TARGETED_DEVICE_FAMILY = "1,2";
				TEST_HOST = "$(BUILT_PRODUCTS_DIR)/TestApp001.app/TestApp001";
			};
			name = Release;
		};
		37F4194F2487E168008094CA /* Debug */ = {
			isa = XCBuildConfiguration;
			buildSettings = {
				ALWAYS_EMBED_SWIFT_STANDARD_LIBRARIES = YES;
				CODE_SIGN_STYLE = Automatic;
				DEVELOPMENT_TEAM = MNNZQ7RM8Q;
				INFOPLIST_FILE = TestApp001UITests/Info.plist;
				LD_RUNPATH_SEARCH_PATHS = (
					"$(inherited)",
					"@executable_path/Frameworks",
					"@loader_path/Frameworks",
				);
				PRODUCT_BUNDLE_IDENTIFIER = Kuboko.TestApp001UITests;
				PRODUCT_NAME = "$(TARGET_NAME)";
				SWIFT_VERSION = 5.0;
				TARGETED_DEVICE_FAMILY = "1,2";
				TEST_TARGET_NAME = TestApp001;
			};
			name = Debug;
		};
		37F419502487E168008094CA /* Release */ = {
			isa = XCBuildConfiguration;
			buildSettings = {
				ALWAYS_EMBED_SWIFT_STANDARD_LIBRARIES = YES;
				CODE_SIGN_STYLE = Automatic;
				DEVELOPMENT_TEAM = MNNZQ7RM8Q;
				INFOPLIST_FILE = TestApp001UITests/Info.plist;
				LD_RUNPATH_SEARCH_PATHS = (
					"$(inherited)",
					"@executable_path/Frameworks",
					"@loader_path/Frameworks",
				);
				PRODUCT_BUNDLE_IDENTIFIER = Kuboko.TestApp001UITests;
				PRODUCT_NAME = "$(TARGET_NAME)";
				SWIFT_VERSION = 5.0;
				TARGETED_DEVICE_FAMILY = "1,2";
				TEST_TARGET_NAME = TestApp001;
			};
			name = Release;
		};
/* End XCBuildConfiguration section */

/* Begin XCConfigurationList section */
		37F419192487E165008094CA /* Build configuration list for PBXProject "TestApp001" */ = {
			isa = XCConfigurationList;
			buildConfigurations = (
				37F419462487E168008094CA /* Debug */,
				37F419472487E168008094CA /* Release */,
			);
			defaultConfigurationIsVisible = 0;
			defaultConfigurationName = Release;
		};
		37F419482487E168008094CA /* Build configuration list for PBXNativeTarget "TestApp001" */ = {
			isa = XCConfigurationList;
			buildConfigurations = (
				37F419492487E168008094CA /* Debug */,
				37F4194A2487E168008094CA /* Release */,
			);
			defaultConfigurationIsVisible = 0;
			defaultConfigurationName = Release;
		};
		37F4194B2487E168008094CA /* Build configuration list for PBXNativeTarget "TestApp001Tests" */ = {
			isa = XCConfigurationList;
			buildConfigurations = (
				37F4194C2487E168008094CA /* Debug */,
				37F4194D2487E168008094CA /* Release */,
			);
			defaultConfigurationIsVisible = 0;
			defaultConfigurationName = Release;
		};
		37F4194E2487E168008094CA /* Build configuration list for PBXNativeTarget "TestApp001UITests" */ = {
			isa = XCConfigurationList;
			buildConfigurations = (
				37F4194F2487E168008094CA /* Debug */,
				37F419502487E168008094CA /* Release */,
			);
			defaultConfigurationIsVisible = 0;
			defaultConfigurationName = Release;
		};
/* End XCConfigurationList section */
	};
	rootObject = 37F419162487E165008094CA /* Project object */;
}
